
Microsoft Visual Studio Solution File, Format Version 12.00
# Visual Studio Version 17
VisualStudioVersion = 17.4.33403.182
MinimumVisualStudioVersion = 10.0.40219.1
Project("{9A19103F-16F7-4668-BE54-9A1E7A4F7556}") = "Replenisher", "Replenisher\Replenisher.csproj", "{512E7CA6-831E-454D-AC91-1CB6A6D2B81F}"
EndProject
Global
	GlobalSection(SolutionConfigurationPlatforms) = preSolution
		Debug|Any CPU = Debug|Any CPU
		Debug|x64 = Debug|x64
		Release|Any CPU = Release|Any CPU
		Release|x64 = Release|x64
	EndGlobalSection
	GlobalSection(ProjectConfigurationPlatforms) = postSolution
		{512E7CA6-831E-454D-AC91-1CB6A6D2B81F}.Debug|Any CPU.ActiveCfg = Debug|Any CPU
		{512E7CA6-831E-454D-AC91-1CB6A6D2B81F}.Debug|Any CPU.Build.0 = Debug|Any CPU
		{512E7CA6-831E-454D-AC91-1CB6A6D2B81F}.Debug|x64.ActiveCfg = Debug|x64
		{512E7CA6-831E-454D-AC91-1CB6A6D2B81F}.Debug|x64.Build.0 = Debug|x64
		{512E7CA6-831E-454D-AC91-1CB6A6D2B81F}.Release|Any CPU.ActiveCfg = Release|Any CPU
		{512E7CA6-831E-454D-AC91-1CB6A6D2B81F}.Release|Any CPU.Build.0 = Release|Any CPU
		{512E7CA6-831E-454D-AC91-1CB6A6D2B81F}.Release|x64.ActiveCfg = Release|x64
		{512E7CA6-831E-454D-AC91-1CB6A6D2B81F}.Release|x64.Build.0 = Release|x64
	EndGlobalSection
	GlobalSection(SolutionProperties) = preSolution
		HideSolutionNode = FALSE
	EndGlobalSection
	GlobalSection(ExtensibilityGlobals) = postSolution
		SolutionGuid = {1CAEF172-EF0F-4BCD-8DD9-CA95921C3E55}
	EndGlobalSection
EndGlobal
